Microsoft Visual Studio Solution File, Format Version 12.00
# Visual Studio Version 17
VisualStudioVersion = 17.13.35825.156
MinimumVisualStudioVersion = 10.0.40219.1
Project("{FAE04EC0-301F-11D3-BF4B-00C04F79EFBC}") = "GerenciadorEventos", "GerenciadorEventos.csproj", "{0A48B4E9-DF8E-4E3C-BD93-EFBE8980E7EB}"
EndProject
Global
	GlobalSection(SolutionConfigurationPlatforms) = preSolution
		Debug|Any CPU = Debug|Any CPU
		Release|Any CPU = Release|Any CPU
	EndGlobalSection
	GlobalSection(ProjectConfigurationPlatforms) = postSolution
		{0A48B4E9-DF8E-4E3C-BD93-EFBE8980E7EB}.Debug|Any CPU.ActiveCfg = Debug|Any CPU
		{0A48B4E9-DF8E-4E3C-BD93-EFBE8980E7EB}.Debug|Any CPU.Build.0 = Debug|Any CPU
		{0A48B4E9-DF8E-4E3C-BD93-EFBE8980E7EB}.Release|Any CPU.ActiveCfg = Release|Any CPU
		{0A48B4E9-DF8E-4E3C-BD93-EFBE8980E7EB}.Release|Any CPU.Build.0 = Release|Any CPU
	EndGlobalSection
	GlobalSection(SolutionProperties) = preSolution
		HideSolutionNode = FALSE
	EndGlobalSection
	GlobalSection(ExtensibilityGlobals) = postSolution
		SolutionGuid = {DA34F54C-B72C-43AD-A966-95B85A95CD68}
	EndGlobalSection
EndGlobal
